
Microsoft Visual Studio Solution File, Format Version 12.00
# Visual Studio Version 17
VisualStudioVersion = 17.7.34031.279
MinimumVisualStudioVersion = 10.0.40219.1
Project("{8BC9CEB8-8B4A-11D0-8D11-00A0C91BC942}") = "Ex1", "Ex1\Ex1.vcxproj", "{640EC524-0C92-47E5-97F9-25027D163216}"
EndProject
Project("{8BC9CEB8-8B4A-11D0-8D11-00A0C91BC942}") = "Ex2", "Ex2\Ex2.vcxproj", "{C04A9B32-2C56-403C-A2A8-A284F4D774D7}"
EndProject
Project("{8BC9CEB8-8B4A-11D0-8D11-00A0C91BC942}") = "Ex3", "Ex3\Ex3.vcxproj", "{C8ABA6EE-D9AD-4608-A29B-E03B0ABE9D5B}"
EndProject
Global
	GlobalSection(SolutionConfigurationPlatforms) = preSolution
		Debug|x64 = Debug|x64
		Debug|x86 = Debug|x86
		Release|x64 = Release|x64
		Release|x86 = Release|x86
	EndGlobalSection
	GlobalSection(ProjectConfigurationPlatforms) = postSolution
		{640EC524-0C92-47E5-97F9-25027D163216}.Debug|x64.ActiveCfg = Debug|x64
		{640EC524-0C92-47E5-97F9-25027D163216}.Debug|x64.Build.0 = Debug|x64
		{640EC524-0C92-47E5-97F9-25027D163216}.Debug|x86.ActiveCfg = Debug|Win32
		{640EC524-0C92-47E5-97F9-25027D163216}.Debug|x86.Build.0 = Debug|Win32
		{640EC524-0C92-47E5-97F9-25027D163216}.Release|x64.ActiveCfg = Release|x64
		{640EC524-0C92-47E5-97F9-25027D163216}.Release|x64.Build.0 = Release|x64
		{640EC524-0C92-47E5-97F9-25027D163216}.Release|x86.ActiveCfg = Release|Win32
		{640EC524-0C92-47E5-97F9-25027D163216}.Release|x86.Build.0 = Release|Win32
		{C04A9B32-2C56-403C-A2A8-A284F4D774D7}.Debug|x64.ActiveCfg = Debug|x64
		{C04A9B32-2C56-403C-A2A8-A284F4D774D7}.Debug|x64.Build.0 = Debug|x64
		{C04A9B32-2C56-403C-A2A8-A284F4D774D7}.Debug|x86.ActiveCfg = Debug|Win32
		{C04A9B32-2C56-403C-A2A8-A284F4D774D7}.Debug|x86.Build.0 = Debug|Win32
		{C04A9B32-2C56-403C-A2A8-A284F4D774D7}.Release|x64.ActiveCfg = Release|x64
		{C04A9B32-2C56-403C-A2A8-A284F4D774D7}.Release|x64.Build.0 = Release|x64
		{C04A9B32-2C56-403C-A2A8-A284F4D774D7}.Release|x86.ActiveCfg = Release|Win32
		{C04A9B32-2C56-403C-A2A8-A284F4D774D7}.Release|x86.Build.0 = Release|Win32
		{C8ABA6EE-D9AD-4608-A29B-E03B0ABE9D5B}.Debug|x64.ActiveCfg = Debug|x64
		{C8ABA6EE-D9AD-4608-A29B-E03B0ABE9D5B}.Debug|x64.Build.0 = Debug|x64
		{C8ABA6EE-D9AD-4608-A29B-E03B0ABE9D5B}.Debug|x86.ActiveCfg = Debug|Win32
		{C8ABA6EE-D9AD-4608-A29B-E03B0ABE9D5B}.Debug|x86.Build.0 = Debug|Win32
		{C8ABA6EE-D9AD-4608-A29B-E03B0ABE9D5B}.Release|x64.ActiveCfg = Release|x64
		{C8ABA6EE-D9AD-4608-A29B-E03B0ABE9D5B}.Release|x64.Build.0 = Release|x64
		{C8ABA6EE-D9AD-4608-A29B-E03B0ABE9D5B}.Release|x86.ActiveCfg = Release|Win32
		{C8ABA6EE-D9AD-4608-A29B-E03B0ABE9D5B}.Release|x86.Build.0 = Release|Win32
	EndGlobalSection
	GlobalSection(SolutionProperties) = preSolution
		HideSolutionNode = FALSE
	EndGlobalSection
	GlobalSection(ExtensibilityGlobals) = postSolution
		SolutionGuid = {80F8DA6E-D720-4E4B-B005-1642F6EB571A}
	EndGlobalSection
EndGlobal
